// !$*UTF8*$!
{
	archiveVersion = 1;
	classes = {
	};
	objectVersion = 46;
	objects = {

/* Begin PBXBuildFile section */
		BE0801CC1B043C970011CA30 /* AppDelegate.swift in Sources */ = {isa = PBXBuildFile; fileRef = BE0801CB1B043C970011CA30 /* AppDelegate.swift */; };
		BE0801CE1B043C970011CA30 /* GameScene.swift in Sources */ = {isa = PBXBuildFile; fileRef = BE0801CD1B043C970011CA30 /* GameScene.swift */; };
		BE0801D01B043C970011CA30 /* GameScene.sks in Resources */ = {isa = PBXBuildFile; fileRef = BE0801CF1B043C970011CA30 /* GameScene.sks */; };
		BE0801D51B043C970011CA30 /* MainMenu.xib in Resources */ = {isa = PBXBuildFile; fileRef = BE0801D31B043C970011CA30 /* MainMenu.xib */; };
		BE0801E11B043C970011CA30 /* DogTennisTests.swift in Sources */ = {isa = PBXBuildFile; fileRef = BE0801E01B043C970011CA30 /* DogTennisTests.swift */; };
		BE690DAC1B10EB5900E6BC51 /* Dog.swift in Sources */ = {isa = PBXBuildFile; fileRef = BE690DAB1B10EB5900E6BC51 /* Dog.swift */; };
		BE690DAE1B112FA700E6BC51 /* Ball.swift in Sources */ = {isa = PBXBuildFile; fileRef = BE690DAD1B112FA700E6BC51 /* Ball.swift */; };
		BE9E72ED1C2906FF00D218D8 /* Images.xcassets in Resources */ = {isa = PBXBuildFile; fileRef = BE9E72EC1C2906FF00D218D8 /* Images.xcassets */; };
/* End PBXBuildFile section */

/* Begin PBXContainerItemProxy section */
		BE0801DB1B043C970011CA30 /* PBXContainerItemProxy */ = {
			isa = PBXContainerItemProxy;
			containerPortal = BE0801BE1B043C970011CA30 /* Project object */;
			proxyType = 1;
			remoteGlobalIDString = BE0801C51B043C970011CA30;
			remoteInfo = DogTennis;
		};
/* End PBXContainerItemProxy section */

/* Begin PBXFileReference section */
		BE0801C61B043C970011CA30 /* DogTennis.app */ = {isa = PBXFileReference; explicitFileType = wrapper.application; includeInIndex = 0; path = DogTennis.app; sourceTree = BUILT_PRODUCTS_DIR; };
		BE0801CA1B043C970011CA30 /* Info.plist */ = {isa = PBXFileReference; lastKnownFileType = text.plist.xml; path = Info.plist; sourceTree = "<group>"; };
		BE0801CB1B043C970011CA30 /* AppDelegate.swift */ = {isa = PBXFileReference; lastKnownFileType = sourcecode.swift; path = AppDelegate.swift; sourceTree = "<group>"; };
		BE0801CD1B043C970011CA30 /* GameScene.swift */ = {isa = PBXFileReference; lastKnownFileType = sourcecode.swift; path = GameScene.swift; sourceTree = "<group>"; };
		BE0801CF1B043C970011CA30 /* GameScene.sks */ = {isa = PBXFileReference; lastKnownFileType = file.sks; path = GameScene.sks; sourceTree = "<group>"; };
		BE0801D41B043C970011CA30 /* Base */ = {isa = PBXFileReference; lastKnownFileType = file.xib; name = Base; path = Base.lproj/MainMenu.xib; sourceTree = "<group>"; };
		BE0801DA1B043C970011CA30 /* DogTennis.xctest */ = {isa = PBXFileReference; explicitFileType = wrapper.cfbundle; includeInIndex = 0; path = DogTennis.xctest; sourceTree = BUILT_PRODUCTS_DIR; };
		BE0801DF1B043C970011CA30 /* Info.plist */ = {isa = PBXFileReference; lastKnownFileType = text.plist.xml; path = Info.plist; sourceTree = "<group>"; };
		BE0801E01B043C970011CA30 /* DogTennisTests.swift */ = {isa = PBXFileReference; lastKnownFileType = sourcecode.swift; path = DogTennisTests.swift; sourceTree = "<group>"; };
		BE0801EA1B043D1A0011CA30 /* MyPlayground.playground */ = {isa = PBXFileReference; lastKnownFileType = file.playground; path = MyPlayground.playground; sourceTree = "<group>"; };
		BE690DAB1B10EB5900E6BC51 /* Dog.swift */ = {isa = PBXFileReference; fileEncoding = 4; lastKnownFileType = sourcecode.swift; path = Dog.swift; sourceTree = "<group>"; };
		BE690DAD1B112FA700E6BC51 /* Ball.swift */ = {isa = PBXFileReference; fileEncoding = 4; lastKnownFileType = sourcecode.swift; path = Ball.swift; sourceTree = "<group>"; };
		BE9E72EC1C2906FF00D218D8 /* Images.xcassets */ = {isa = PBXFileReference; lastKnownFileType = folder.assetcatalog; path = Images.xcassets; sourceTree = "<group>"; };
/* End PBXFileReference section */

/* Begin PBXFrameworksBuildPhase section */
		BE0801C31B043C970011CA30 /* Frameworks */ = {
			isa = PBXFrameworksBuildPhase;
			buildActionMask = 2147483647;
			files = (
			);
			runOnlyForDeploymentPostprocessing = 0;
		};
		BE0801D71B043C970011CA30 /* Frameworks */ = {
			isa = PBXFrameworksBuildPhase;
			buildActionMask = 2147483647;
			files = (
			);
			runOnlyForDeploymentPostprocessing = 0;
		};
/* End PBXFrameworksBuildPhase section */

/* Begin PBXGroup section */
		BE0801BD1B043C970011CA30 = {
			isa = PBXGroup;
			children = (
				BE0801C81B043C970011CA30 /* DogTennis */,
				BE0801DD1B043C970011CA30 /* DogTennisTests */,
				BE0801C71B043C970011CA30 /* Products */,
			);
			sourceTree = "<group>";
		};
		BE0801C71B043C970011CA30 /* Products */ = {
			isa = PBXGroup;
			children = (
				BE0801C61B043C970011CA30 /* DogTennis.app */,
				BE0801DA1B043C970011CA30 /* DogTennis.xctest */,
			);
			name = Products;
			sourceTree = "<group>";
		};
		BE0801C81B043C970011CA30 /* DogTennis */ = {
			isa = PBXGroup;
			children = (
				BE690DAD1B112FA700E6BC51 /* Ball.swift */,
				BE690DAB1B10EB5900E6BC51 /* Dog.swift */,
				BE0801CB1B043C970011CA30 /* AppDelegate.swift */,
				BE0801CD1B043C970011CA30 /* GameScene.swift */,
				BE0801CF1B043C970011CA30 /* GameScene.sks */,
				BE0801D31B043C970011CA30 /* MainMenu.xib */,
				BE9E72EC1C2906FF00D218D8 /* Images.xcassets */,
				BE0801C91B043C970011CA30 /* Supporting Files */,
				BE0801EA1B043D1A0011CA30 /* MyPlayground.playground */,
			);
			name = DogTennis;
			path = DogTennis;
			sourceTree = "<group>";
		};
		BE0801C91B043C970011CA30 /* Supporting Files */ = {
			isa = PBXGroup;
			children = (
				BE0801CA1B043C970011CA30 /* Info.plist */,
			);
			name = "Supporting Files";
			sourceTree = "<group>";
		};
		BE0801DD1B043C970011CA30 /* DogTennisTests */ = {
			isa = PBXGroup;
			children = (
				BE0801E01B043C970011CA30 /* DogTennisTests.swift */,
				BE0801DE1B043C970011CA30 /* Supporting Files */,
			);
			name = DogTennisTests;
			path = DogTennisTests;
			sourceTree = "<group>";
		};
		BE0801DE1B043C970011CA30 /* Supporting Files */ = {
			isa = PBXGroup;
			children = (
				BE0801DF1B043C970011CA30 /* Info.plist */,
			);
			name = "Supporting Files";
			sourceTree = "<group>";
		};
/* End PBXGroup section */

/* Begin PBXNativeTarget section */
		BE0801C51B043C970011CA30 /* DogTennis */ = {
			isa = PBXNativeTarget;
			buildConfigurationList = BE0801E41B043C970011CA30 /* Build configuration list for PBXNativeTarget "DogTennis" */;
			buildPhases = (
				BE0801C21B043C970011CA30 /* Sources */,
				BE0801C31B043C970011CA30 /* Frameworks */,
				BE0801C41B043C970011CA30 /* Resources */,
			);
			buildRules = (
			);
			dependencies = (
			);
			name = DogTennis;
			productName = DogTennis;
			productReference = BE0801C61B043C970011CA30 /* DogTennis.app */;
			productType = "com.apple.product-type.application";
		};
		BE0801D91B043C970011CA30 /* DogTennisTests */ = {
			isa = PBXNativeTarget;
			buildConfigurationList = BE0801E71B043C970011CA30 /* Build configuration list for PBXNativeTarget "DogTennisTests" */;
			buildPhases = (
				BE0801D61B043C970011CA30 /* Sources */,
				BE0801D71B043C970011CA30 /* Frameworks */,
				BE0801D81B043C970011CA30 /* Resources */,
			);
			buildRules = (
			);
			dependencies = (
				BE0801DC1B043C970011CA30 /* PBXTargetDependency */,
			);
			name = DogTennisTests;
			productName = DogTennisTests;
			productReference = BE0801DA1B043C970011CA30 /* DogTennis.xctest */;
			productType = "com.apple.product-type.bundle.unit-test";
		};
/* End PBXNativeTarget section */

/* Begin PBXProject section */
		BE0801BE1B043C970011CA30 /* Project object */ = {
			isa = PBXProject;
			attributes = {
				LastSwiftMigration = 0720;
				LastSwiftUpdateCheck = 0720;
				LastUpgradeCheck = 0720;
				ORGANIZATIONNAME = "Ken Simon";
				TargetAttributes = {
					BE0801C51B043C970011CA30 = {
						CreatedOnToolsVersion = 6.3.1;
					};
					BE0801D91B043C970011CA30 = {
						CreatedOnToolsVersion = 6.3.1;
						TestTargetID = BE0801C51B043C970011CA30;
					};
				};
			};
			buildConfigurationList = BE0801C11B043C970011CA30 /* Build configuration list for PBXProject "DogTennis" */;
			compatibilityVersion = "Xcode 3.2";
			developmentRegion = English;
			hasScannedForEncodings = 0;
			knownRegions = (
				en,
				Base,
			);
			mainGroup = BE0801BD1B043C970011CA30;
			productRefGroup = BE0801C71B043C970011CA30 /* Products */;
			projectDirPath = "";
			projectRoot = "";
			targets = (
				BE0801C51B043C970011CA30 /* DogTennis */,
				BE0801D91B043C970011CA30 /* DogTennisTests */,
			);
		};
/* End PBXProject section */

/* Begin PBXResourcesBuildPhase section */
		BE0801C41B043C970011CA30 /* Resources */ = {
			isa = PBXResourcesBuildPhase;
			buildActionMask = 2147483647;
			files = (
				BE9E72ED1C2906FF00D218D8 /* Images.xcassets in Resources */,
				BE0801D01B043C970011CA30 /* GameScene.sks in Resources */,
				BE0801D51B043C970011CA30 /* MainMenu.xib in Resources */,
			);
			runOnlyForDeploymentPostprocessing = 0;
		};
		BE0801D81B043C970011CA30 /* Resources */ = {
			isa = PBXResourcesBuildPhase;
			buildActionMask = 2147483647;
			files = (
			);
			runOnlyForDeploymentPostprocessing = 0;
		};
/* End PBXResourcesBuildPhase section */

/* Begin PBXSourcesBuildPhase section */
		BE0801C21B043C970011CA30 /* Sources */ = {
			isa = PBXSourcesBuildPhase;
			buildActionMask = 2147483647;
			files = (
				BE690DAE1B112FA700E6BC51 /* Ball.swift in Sources */,
				BE0801CE1B043C970011CA30 /* GameScene.swift in Sources */,
				BE0801CC1B043C970011CA30 /* AppDelegate.swift in Sources */,
				BE690DAC1B10EB5900E6BC51 /* Dog.swift in Sources */,
			);
			runOnlyForDeploymentPostprocessing = 0;
		};
		BE0801D61B043C970011CA30 /* Sources */ = {
			isa = PBXSourcesBuildPhase;
			buildActionMask = 2147483647;
			files = (
				BE0801E11B043C970011CA30 /* DogTennisTests.swift in Sources */,
			);
			runOnlyForDeploymentPostprocessing = 0;
		};
/* End PBXSourcesBuildPhase section */

/* Begin PBXTargetDependency section */
		BE0801DC1B043C970011CA30 /* PBXTargetDependency */ = {
			isa = PBXTargetDependency;
			target = BE0801C51B043C970011CA30 /* DogTennis */;
			targetProxy = BE0801DB1B043C970011CA30 /* PBXContainerItemProxy */;
		};
/* End PBXTargetDependency section */

/* Begin PBXVariantGroup section */
		BE0801D31B043C970011CA30 /* MainMenu.xib */ = {
			isa = PBXVariantGroup;
			children = (
				BE0801D41B043C970011CA30 /* Base */,
			);
			name = MainMenu.xib;
			sourceTree = "<group>";
		};
/* End PBXVariantGroup section */

/* Begin XCBuildConfiguration section */
		BE0801E21B043C970011CA30 /* Debug */ = {
			isa = XCBuildConfiguration;
			buildSettings = {
				ALWAYS_SEARCH_USER_PATHS = NO;
				CLANG_CXX_LANGUAGE_STANDARD = "gnu++0x";
				CLANG_CXX_LIBRARY = "libc++";
				CLANG_ENABLE_MODULES = YES;
				CLANG_ENABLE_OBJC_ARC = YES;
				CLANG_WARN_BOOL_CONVERSION = YES;
				CLANG_WARN_CONSTANT_CONVERSION = YES;
				CLANG_WARN_DIRECT_OBJC_ISA_USAGE = YES_ERROR;
				CLANG_WARN_EMPTY_BODY = YES;
				CLANG_WARN_ENUM_CONVERSION = YES;
				CLANG_WARN_INT_CONVERSION = YES;
				CLANG_WARN_OBJC_ROOT_CLASS = YES_ERROR;
				CLANG_WARN_UNREACHABLE_CODE = YES;
				CLANG_WARN__DUPLICATE_METHOD_MATCH = YES;
				CODE_SIGN_IDENTITY = "-";
				COPY_PHASE_STRIP = NO;
				DEBUG_INFORMATION_FORMAT = dwarf;
				ENABLE_STRICT_OBJC_MSGSEND = YES;
				ENABLE_TESTABILITY = YES;
				GCC_C_LANGUAGE_STANDARD = gnu99;
				GCC_DYNAMIC_NO_PIC = NO;
				GCC_NO_COMMON_BLOCKS = YES;
				GCC_OPTIMIZATION_LEVEL = 0;
				GCC_PREPROCESSOR_DEFINITIONS = (
					"DEBUG=1",
					"$(inherited)",
				);
				GCC_SYMBOLS_PRIVATE_EXTERN = NO;
				GCC_WARN_64_TO_32_BIT_CONVERSION = YES;
				GCC_WARN_ABOUT_RETURN_TYPE = YES_ERROR;
				GCC_WARN_UNDECLARED_SELECTOR = YES;
				GCC_WARN_UNINITIALIZED_AUTOS = YES_AGGRESSIVE;
				GCC_WARN_UNUSED_FUNCTION = YES;
				GCC_WARN_UNUSED_VARIABLE = YES;
				MACOSX_DEPLOYMENT_TARGET = 10.10;
				MTL_ENABLE_DEBUG_INFO = YES;
				ONLY_ACTIVE_ARCH = YES;
				SDKROOT = macosx;
				SWIFT_OPTIMIZATION_LEVEL = "-Onone";
			};
			name = Debug;
		};
		BE0801E31B043C970011CA30 /* Release */ = {
			isa = XCBuildConfiguration;
			buildSettings = {
				ALWAYS_SEARCH_USER_PATHS = NO;
				CLANG_CXX_LANGUAGE_STANDARD = "gnu++0x";
				CLANG_CXX_LIBRARY = "libc++";
				CLANG_ENABLE_MODULES = YES;
				CLANG_ENABLE_OBJC_ARC = YES;
				CLANG_WARN_BOOL_CONVERSION = YES;
				CLANG_WARN_CONSTANT_CONVERSION = YES;
				CLANG_WARN_DIRECT_OBJC_ISA_USAGE = YES_ERROR;
				CLANG_WARN_EMPTY_BODY = YES;
				CLANG_WARN_ENUM_CONVERSION = YES;
				CLANG_WARN_INT_CONVERSION = YES;
				CLANG_WARN_OBJC_ROOT_CLASS = YES_ERROR;
				CLANG_WARN_UNREACHABLE_CODE = YES;
				CLANG_WARN__DUPLICATE_METHOD_MATCH = YES;
				CODE_SIGN_IDENTITY = "-";
				COPY_PHASE_STRIP = NO;
				DEBUG_INFORMATION_FORMAT = "dwarf-with-dsym";
				ENABLE_NS_ASSERTIONS = NO;
				ENABLE_STRICT_OBJC_MSGSEND = YES;
				GCC_C_LANGUAGE_STANDARD = gnu99;
				GCC_NO_COMMON_BLOCKS = YES;
				GCC_WARN_64_TO_32_BIT_CONVERSION = YES;
				GCC_WARN_ABOUT_RETURN_TYPE = YES_ERROR;
				GCC_WARN_UNDECLARED_SELECTOR = YES;
				GCC_WARN_UNINITIALIZED_AUTOS = YES_AGGRESSIVE;
				GCC_WARN_UNUSED_FUNCTION = YES;
				GCC_WARN_UNUSED_VARIABLE = YES;
				MACOSX_DEPLOYMENT_TARGET = 10.10;
				MTL_ENABLE_DEBUG_INFO = NO;
				SDKROOT = macosx;
			};
			name = Release;
		};
		BE0801E51B043C970011CA30 /* Debug */ = {
			isa = XCBuildConfiguration;
			buildSettings = {
				ASSETCATALOG_COMPILER_APPICON_NAME = AppIcon;
				COMBINE_HIDPI_IMAGES = YES;
				INFOPLIST_FILE = DogTennis/Info.plist;
				LD_RUNPATH_SEARCH_PATHS = "$(inherited) @executable_path/../Frameworks";
				PRODUCT_BUNDLE_IDENTIFIER = "ks.$(PRODUCT_NAME:rfc1034identifier)";
				PRODUCT_NAME = DogTennis;
			};
			name = Debug;
		};
		BE0801E61B043C970011CA30 /* Release */ = {
			isa = XCBuildConfiguration;
			buildSettings = {
				ASSETCATALOG_COMPILER_APPICON_NAME = AppIcon;
				COMBINE_HIDPI_IMAGES = YES;
				INFOPLIST_FILE = DogTennis/Info.plist;
				LD_RUNPATH_SEARCH_PATHS = "$(inherited) @executable_path/../Frameworks";
				PRODUCT_BUNDLE_IDENTIFIER = "ks.$(PRODUCT_NAME:rfc1034identifier)";
				PRODUCT_NAME = DogTennis;
			};
			name = Release;
		};
		BE0801E81B043C970011CA30 /* Debug */ = {
			isa = XCBuildConfiguration;
			buildSettings = {
				BUNDLE_LOADER = "$(TEST_HOST)";
				COMBINE_HIDPI_IMAGES = YES;
				FRAMEWORK_SEARCH_PATHS = (
					"$(DEVELOPER_FRAMEWORKS_DIR)",
					"$(inherited)",
				);
				GCC_PREPROCESSOR_DEFINITIONS = (
					"DEBUG=1",
					"$(inherited)",
				);
				INFOPLIST_FILE = DogTennisTests/Info.plist;
				LD_RUNPATH_SEARCH_PATHS = "$(inherited) @executable_path/../Frameworks @loader_path/../Frameworks";
				PRODUCT_BUNDLE_IDENTIFIER = "ks.$(PRODUCT_NAME:rfc1034identifier)";
				PRODUCT_NAME = DogTennis;
				TEST_HOST = "$(BUILT_PRODUCTS_DIR)/DogTennis.app/Contents/MacOS/DogTennis";
			};
			name = Debug;
		};
		BE0801E91B043C970011CA30 /* Release */ = {
			isa = XCBuildConfiguration;
			buildSettings = {
				BUNDLE_LOADER = "$(TEST_HOST)";
				COMBINE_HIDPI_IMAGES = YES;
				FRAMEWORK_SEARCH_PATHS = (
					"$(DEVELOPER_FRAMEWORKS_DIR)",
					"$(inherited)",
				);
				INFOPLIST_FILE = DogTennisTests/Info.plist;
				LD_RUNPATH_SEARCH_PATHS = "$(inherited) @executable_path/../Frameworks @loader_path/../Frameworks";
				PRODUCT_BUNDLE_IDENTIFIER = "ks.$(PRODUCT_NAME:rfc1034identifier)";
				PRODUCT_NAME = DogTennis;
				TEST_HOST = "$(BUILT_PRODUCTS_DIR)/DogTennis.app/Contents/MacOS/DogTennis";
			};
			name = Release;
		};
/* End XCBuildConfiguration section */

/* Begin XCConfigurationList section */
		BE0801C11B043C970011CA30 /* Build configuration list for PBXProject "DogTennis" */ = {
			isa = XCConfigurationList;
			buildConfigurations = (
				BE0801E21B043C970011CA30 /* Debug */,
				BE0801E31B043C970011CA30 /* Release */,
			);
			defaultConfigurationIsVisible = 0;
			defaultConfigurationName = Release;
		};
		BE0801E41B043C970011CA30 /* Build configuration list for PBXNativeTarget "DogTennis" */ = {
			isa = XCConfigurationList;
			buildConfigurations = (
				BE0801E51B043C970011CA30 /* Debug */,
				BE0801E61B043C970011CA30 /* Release */,
			);
			defaultConfigurationIsVisible = 0;
			defaultConfigurationName = Release;
		};
		BE0801E71B043C970011CA30 /* Build configuration list for PBXNativeTarget "DogTennisTests" */ = {
			isa = XCConfigurationList;
			buildConfigurations = (
				BE0801E81B043C970011CA30 /* Debug */,
				BE0801E91B043C970011CA30 /* Release */,
			);
			defaultConfigurationIsVisible = 0;
			defaultConfigurationName = Release;
		};
/* End XCConfigurationList section */
	};
	rootObject = BE0801BE1B043C970011CA30 /* Project object */;
}
